// !$*UTF8*$!
{
	archiveVersion = 1;
	classes = {
	};
	objectVersion = 46;
	objects = {

/* Begin PBXBuildFile section */
		631C21591D4A107900F5EC19 /* AppDelegate.swift in Sources */ = {isa = PBXBuildFile; fileRef = 631C21581D4A107900F5EC19 /* AppDelegate.swift */; };
		631C21601D4A107900F5EC19 /* Assets.xcassets in Resources */ = {isa = PBXBuildFile; fileRef = 631C215F1D4A107900F5EC19 /* Assets.xcassets */; };
		631C21631D4A107900F5EC19 /* LaunchScreen.storyboard in Resources */ = {isa = PBXBuildFile; fileRef = 631C21611D4A107900F5EC19 /* LaunchScreen.storyboard */; };
		631C216B1D4A10A000F5EC19 /* GoogleService-Info.plist in Resources */ = {isa = PBXBuildFile; fileRef = 631C216A1D4A10A000F5EC19 /* GoogleService-Info.plist */; };
		633BC45B1D53621200B9DD6A /* InformationViewController.swift in Sources */ = {isa = PBXBuildFile; fileRef = 633BC4591D53621200B9DD6A /* InformationViewController.swift */; };
		633BC45C1D53621200B9DD6A /* InformationViewController.xib in Resources */ = {isa = PBXBuildFile; fileRef = 633BC45A1D53621200B9DD6A /* InformationViewController.xib */; };
		633BC4611D5365E900B9DD6A /* ContactViewController.swift in Sources */ = {isa = PBXBuildFile; fileRef = 633BC45F1D5365E900B9DD6A /* ContactViewController.swift */; };
		633BC4621D5365E900B9DD6A /* ContactViewController.xib in Resources */ = {isa = PBXBuildFile; fileRef = 633BC4601D5365E900B9DD6A /* ContactViewController.xib */; };
		6362E9AB1D536D5E009DD3A2 /* MemberSideViewController.swift in Sources */ = {isa = PBXBuildFile; fileRef = 6362E9A91D536D5E009DD3A2 /* MemberSideViewController.swift */; };
		6362E9AC1D536D5E009DD3A2 /* MemberSideViewController.xib in Resources */ = {isa = PBXBuildFile; fileRef = 6362E9AA1D536D5E009DD3A2 /* MemberSideViewController.xib */; };
		6362E9AF1D536D76009DD3A2 /* MemberSideViewCell.swift in Sources */ = {isa = PBXBuildFile; fileRef = 6362E9AD1D536D76009DD3A2 /* MemberSideViewCell.swift */; };
		6362E9B01D536D76009DD3A2 /* MemberSideViewCell.xib in Resources */ = {isa = PBXBuildFile; fileRef = 6362E9AE1D536D76009DD3A2 /* MemberSideViewCell.xib */; };
		6362E9B41D5371F7009DD3A2 /* ProfileViewController.swift in Sources */ = {isa = PBXBuildFile; fileRef = 6362E9B21D5371F7009DD3A2 /* ProfileViewController.swift */; };
		6362E9B51D5371F7009DD3A2 /* ProfileViewController.xib in Resources */ = {isa = PBXBuildFile; fileRef = 6362E9B31D5371F7009DD3A2 /* ProfileViewController.xib */; };
		6362E9B81D537209009DD3A2 /* ProfileTableViewCell.swift in Sources */ = {isa = PBXBuildFile; fileRef = 6362E9B61D537209009DD3A2 /* ProfileTableViewCell.swift */; };
		6362E9B91D537209009DD3A2 /* ProfileTableViewCell.xib in Resources */ = {isa = PBXBuildFile; fileRef = 6362E9B71D537209009DD3A2 /* ProfileTableViewCell.xib */; };
		6362E9BC1D537E3C009DD3A2 /* CuriousViewController.swift in Sources */ = {isa = PBXBuildFile; fileRef = 6362E9BA1D537E3C009DD3A2 /* CuriousViewController.swift */; };
		6362E9BD1D537E3C009DD3A2 /* CuriousViewController.xib in Resources */ = {isa = PBXBuildFile; fileRef = 6362E9BB1D537E3C009DD3A2 /* CuriousViewController.xib */; };
		638100A81D4F76960095634C /* SettingsViewController.swift in Sources */ = {isa = PBXBuildFile; fileRef = 638100A61D4F76960095634C /* SettingsViewController.swift */; };
		638100A91D4F76960095634C /* SettingsViewController.xib in Resources */ = {isa = PBXBuildFile; fileRef = 638100A71D4F76960095634C /* SettingsViewController.xib */; };
		638100AD1D4F7D830095634C /* BookingTableViewCell.swift in Sources */ = {isa = PBXBuildFile; fileRef = 638100AB1D4F7D830095634C /* BookingTableViewCell.swift */; };
		638100AE1D4F7D830095634C /* BookingTableViewCell.xib in Resources */ = {isa = PBXBuildFile; fileRef = 638100AC1D4F7D830095634C /* BookingTableViewCell.xib */; };
		638100B11D4F86920095634C /* SettingsTableViewCell.swift in Sources */ = {isa = PBXBuildFile; fileRef = 638100AF1D4F86920095634C /* SettingsTableViewCell.swift */; };
		638100B21D4F86920095634C /* SettingsTableViewCell.xib in Resources */ = {isa = PBXBuildFile; fileRef = 638100B01D4F86920095634C /* SettingsTableViewCell.xib */; };
		638100B91D4F927D0095634C /* BookingViewController.swift in Sources */ = {isa = PBXBuildFile; fileRef = 638100B71D4F927D0095634C /* BookingViewController.swift */; };
		638100BA1D4F927D0095634C /* BookingViewController.xib in Resources */ = {isa = PBXBuildFile; fileRef = 638100B81D4F927D0095634C /* BookingViewController.xib */; };
		638D46681D50878B0073201E /* CalendarViewCell.swift in Sources */ = {isa = PBXBuildFile; fileRef = 638D46661D50878B0073201E /* CalendarViewCell.swift */; };
		638D46691D50878B0073201E /* CalendarViewCell.xib in Resources */ = {isa = PBXBuildFile; fileRef = 638D46671D50878B0073201E /* CalendarViewCell.xib */; };
		638D466C1D5088B40073201E /* CalendarViewController.swift in Sources */ = {isa = PBXBuildFile; fileRef = 638D466A1D5088B40073201E /* CalendarViewController.swift */; };
		638D466D1D5088B40073201E /* CalendarViewController.xib in Resources */ = {isa = PBXBuildFile; fileRef = 638D466B1D5088B40073201E /* CalendarViewController.xib */; };
		638D46741D5320040073201E /* SideMenuTableViewCell.swift in Sources */ = {isa = PBXBuildFile; fileRef = 638D46721D5320040073201E /* SideMenuTableViewCell.swift */; };
		638D46751D5320040073201E /* SideMenuTableViewCell.xib in Resources */ = {isa = PBXBuildFile; fileRef = 638D46731D5320040073201E /* SideMenuTableViewCell.xib */; };
		638D46791D53229F0073201E /* SideMenuViewController.swift in Sources */ = {isa = PBXBuildFile; fileRef = 638D46771D53229F0073201E /* SideMenuViewController.swift */; };
		638D467A1D53229F0073201E /* SideMenuViewController.xib in Resources */ = {isa = PBXBuildFile; fileRef = 638D46781D53229F0073201E /* SideMenuViewController.xib */; };
		638D467D1D533B1A0073201E /* BenefitsViewController.swift in Sources */ = {isa = PBXBuildFile; fileRef = 638D467B1D533B1A0073201E /* BenefitsViewController.swift */; };
		638D467E1D533B1A0073201E /* BenefitsViewController.xib in Resources */ = {isa = PBXBuildFile; fileRef = 638D467C1D533B1A0073201E /* BenefitsViewController.xib */; };
		639B0F801D4B6A8100EA49AA /* LandingViewController.swift in Sources */ = {isa = PBXBuildFile; fileRef = 639B0F7E1D4B6A8100EA49AA /* LandingViewController.swift */; };
		639B0F811D4B6A8100EA49AA /* LandingViewController.xib in Resources */ = {isa = PBXBuildFile; fileRef = 639B0F7F1D4B6A8100EA49AA /* LandingViewController.xib */; };
		639B0F831D4B701E00EA49AA /* Extensions.swift in Sources */ = {isa = PBXBuildFile; fileRef = 639B0F821D4B701E00EA49AA /* Extensions.swift */; };
		639B0F861D4B91DC00EA49AA /* HomeViewController.swift in Sources */ = {isa = PBXBuildFile; fileRef = 639B0F841D4B91DC00EA49AA /* HomeViewController.swift */; };
		639B0F871D4B91DC00EA49AA /* HomeViewController.xib in Resources */ = {isa = PBXBuildFile; fileRef = 639B0F851D4B91DC00EA49AA /* HomeViewController.xib */; };
		639B0F891D4B924700EA49AA /* AppState.swift in Sources */ = {isa = PBXBuildFile; fileRef = 639B0F881D4B924700EA49AA /* AppState.swift */; };
		639B0F8B1D4B937A00EA49AA /* Constants.swift in Sources */ = {isa = PBXBuildFile; fileRef = 639B0F8A1D4B937A00EA49AA /* Constants.swift */; };
		639B0F8E1D4B95EC00EA49AA /* RegisterViewController.swift in Sources */ = {isa = PBXBuildFile; fileRef = 639B0F8C1D4B95EC00EA49AA /* RegisterViewController.swift */; };
		639B0F8F1D4B95EC00EA49AA /* RegisterViewController.xib in Resources */ = {isa = PBXBuildFile; fileRef = 639B0F8D1D4B95EC00EA49AA /* RegisterViewController.xib */; };
		63DCCCF11D4F49290045FB7F /* NavigationViewController.swift in Sources */ = {isa = PBXBuildFile; fileRef = 63DCCCF01D4F49290045FB7F /* NavigationViewController.swift */; };
		63F05EB41D4B610300854B14 /* LoginViewController.swift in Sources */ = {isa = PBXBuildFile; fileRef = 63F05EB21D4B610300854B14 /* LoginViewController.swift */; };
		63F05EB51D4B610300854B14 /* LoginViewController.xib in Resources */ = {isa = PBXBuildFile; fileRef = 63F05EB31D4B610300854B14 /* LoginViewController.xib */; };
		CC26F598E08F5CE6267E13C2 /* Pods_VNL_App.framework in Frameworks */ = {isa = PBXBuildFile; fileRef = 3C82D0500C0985FF5F1090F2 /* Pods_VNL_App.framework */; };
/* End PBXBuildFile section */

/* Begin PBXFileReference section */
		3C82D0500C0985FF5F1090F2 /* Pods_VNL_App.framework */ = {isa = PBXFileReference; explicitFileType = wrapper.framework; includeInIndex = 0; path = Pods_VNL_App.framework; sourceTree = BUILT_PRODUCTS_DIR; };
		631C21551D4A107900F5EC19 /* VNL App.app */ = {isa = PBXFileReference; explicitFileType = wrapper.application; includeInIndex = 0; path = "VNL App.app"; sourceTree = BUILT_PRODUCTS_DIR; };
		631C21581D4A107900F5EC19 /* AppDelegate.swift */ = {isa = PBXFileReference; lastKnownFileType = sourcecode.swift; path = AppDelegate.swift; sourceTree = "<group>"; };
		631C215F1D4A107900F5EC19 /* Assets.xcassets */ = {isa = PBXFileReference; lastKnownFileType = folder.assetcatalog; path = Assets.xcassets; sourceTree = "<group>"; };
		631C21621D4A107900F5EC19 /* Base */ = {isa = PBXFileReference; lastKnownFileType = file.storyboard; name = Base; path = Base.lproj/LaunchScreen.storyboard; sourceTree = "<group>"; };
		631C21641D4A107900F5EC19 /* Info.plist */ = {isa = PBXFileReference; lastKnownFileType = text.plist.xml; path = Info.plist; sourceTree = "<group>"; };
		631C216A1D4A10A000F5EC19 /* GoogleService-Info.plist */ = {isa = PBXFileReference; fileEncoding = 4; lastKnownFileType = text.plist.xml; path = "GoogleService-Info.plist"; sourceTree = "<group>"; };
		633BC4591D53621200B9DD6A /* InformationViewController.swift */ = {isa = PBXFileReference; fileEncoding = 4; lastKnownFileType = sourcecode.swift; path = InformationViewController.swift; sourceTree = "<group>"; };
		633BC45A1D53621200B9DD6A /* InformationViewController.xib */ = {isa = PBXFileReference; fileEncoding = 4; lastKnownFileType = file.xib; path = InformationViewController.xib; sourceTree = "<group>"; };
		633BC45F1D5365E900B9DD6A /* ContactViewController.swift */ = {isa = PBXFileReference; fileEncoding = 4; lastKnownFileType = sourcecode.swift; path = ContactViewController.swift; sourceTree = "<group>"; };
		633BC4601D5365E900B9DD6A /* ContactViewController.xib */ = {isa = PBXFileReference; fileEncoding = 4; lastKnownFileType = file.xib; path = ContactViewController.xib; sourceTree = "<group>"; };
		6362E9A91D536D5E009DD3A2 /* MemberSideViewController.swift */ = {isa = PBXFileReference; fileEncoding = 4; lastKnownFileType = sourcecode.swift; path = MemberSideViewController.swift; sourceTree = "<group>"; };
		6362E9AA1D536D5E009DD3A2 /* MemberSideViewController.xib */ = {isa = PBXFileReference; fileEncoding = 4; lastKnownFileType = file.xib; path = MemberSideViewController.xib; sourceTree = "<group>"; };
		6362E9AD1D536D76009DD3A2 /* MemberSideViewCell.swift */ = {isa = PBXFileReference; fileEncoding = 4; lastKnownFileType = sourcecode.swift; path = MemberSideViewCell.swift; sourceTree = "<group>"; };
		6362E9AE1D536D76009DD3A2 /* MemberSideViewCell.xib */ = {isa = PBXFileReference; fileEncoding = 4; lastKnownFileType = file.xib; path = MemberSideViewCell.xib; sourceTree = "<group>"; };
		6362E9B21D5371F7009DD3A2 /* ProfileViewController.swift */ = {isa = PBXFileReference; fileEncoding = 4; lastKnownFileType = sourcecode.swift; path = ProfileViewController.swift; sourceTree = "<group>"; };
		6362E9B31D5371F7009DD3A2 /* ProfileViewController.xib */ = {isa = PBXFileReference; fileEncoding = 4; lastKnownFileType = file.xib; path = ProfileViewController.xib; sourceTree = "<group>"; };
		6362E9B61D537209009DD3A2 /* ProfileTableViewCell.swift */ = {isa = PBXFileReference; fileEncoding = 4; lastKnownFileType = sourcecode.swift; path = ProfileTableViewCell.swift; sourceTree = "<group>"; };
		6362E9B71D537209009DD3A2 /* ProfileTableViewCell.xib */ = {isa = PBXFileReference; fileEncoding = 4; lastKnownFileType = file.xib; path = ProfileTableViewCell.xib; sourceTree = "<group>"; };
		6362E9BA1D537E3C009DD3A2 /* CuriousViewController.swift */ = {isa = PBXFileReference; fileEncoding = 4; lastKnownFileType = sourcecode.swift; path = CuriousViewController.swift; sourceTree = "<group>"; };
		6362E9BB1D537E3C009DD3A2 /* CuriousViewController.xib */ = {isa = PBXFileReference; fileEncoding = 4; lastKnownFileType = file.xib; path = CuriousViewController.xib; sourceTree = "<group>"; };
		638100A61D4F76960095634C /* SettingsViewController.swift */ = {isa = PBXFileReference; fileEncoding = 4; lastKnownFileType = sourcecode.swift; path = SettingsViewController.swift; sourceTree = "<group>"; };
		638100A71D4F76960095634C /* SettingsViewController.xib */ = {isa = PBXFileReference; fileEncoding = 4; lastKnownFileType = file.xib; path = SettingsViewController.xib; sourceTree = "<group>"; };
		638100AB1D4F7D830095634C /* BookingTableViewCell.swift */ = {isa = PBXFileReference; fileEncoding = 4; lastKnownFileType = sourcecode.swift; path = BookingTableViewCell.swift; sourceTree = "<group>"; };
		638100AC1D4F7D830095634C /* BookingTableViewCell.xib */ = {isa = PBXFileReference; fileEncoding = 4; lastKnownFileType = file.xib; path = BookingTableViewCell.xib; sourceTree = "<group>"; };
		638100AF1D4F86920095634C /* SettingsTableViewCell.swift */ = {isa = PBXFileReference; fileEncoding = 4; lastKnownFileType = sourcecode.swift; path = SettingsTableViewCell.swift; sourceTree = "<group>"; };
		638100B01D4F86920095634C /* SettingsTableViewCell.xib */ = {isa = PBXFileReference; fileEncoding = 4; lastKnownFileType = file.xib; path = SettingsTableViewCell.xib; sourceTree = "<group>"; };
		638100B71D4F927D0095634C /* BookingViewController.swift */ = {isa = PBXFileReference; fileEncoding = 4; lastKnownFileType = sourcecode.swift; path = BookingViewController.swift; sourceTree = "<group>"; };
		638100B81D4F927D0095634C /* BookingViewController.xib */ = {isa = PBXFileReference; fileEncoding = 4; lastKnownFileType = file.xib; path = BookingViewController.xib; sourceTree = "<group>"; };
		638D46661D50878B0073201E /* CalendarViewCell.swift */ = {isa = PBXFileReference; fileEncoding = 4; lastKnownFileType = sourcecode.swift; path = CalendarViewCell.swift; sourceTree = "<group>"; };
		638D46671D50878B0073201E /* CalendarViewCell.xib */ = {isa = PBXFileReference; fileEncoding = 4; lastKnownFileType = file.xib; path = CalendarViewCell.xib; sourceTree = "<group>"; };
		638D466A1D5088B40073201E /* CalendarViewController.swift */ = {isa = PBXFileReference; fileEncoding = 4; lastKnownFileType = sourcecode.swift; path = CalendarViewController.swift; sourceTree = "<group>"; };
		638D466B1D5088B40073201E /* CalendarViewController.xib */ = {isa = PBXFileReference; fileEncoding = 4; lastKnownFileType = file.xib; path = CalendarViewController.xib; sourceTree = "<group>"; };
		638D46721D5320040073201E /* SideMenuTableViewCell.swift */ = {isa = PBXFileReference; fileEncoding = 4; lastKnownFileType = sourcecode.swift; path = SideMenuTableViewCell.swift; sourceTree = "<group>"; };
		638D46731D5320040073201E /* SideMenuTableViewCell.xib */ = {isa = PBXFileReference; fileEncoding = 4; lastKnownFileType = file.xib; path = SideMenuTableViewCell.xib; sourceTree = "<group>"; };
		638D46771D53229F0073201E /* SideMenuViewController.swift */ = {isa = PBXFileReference; fileEncoding = 4; lastKnownFileType = sourcecode.swift; path = SideMenuViewController.swift; sourceTree = "<group>"; };
		638D46781D53229F0073201E /* SideMenuViewController.xib */ = {isa = PBXFileReference; fileEncoding = 4; lastKnownFileType = file.xib; path = SideMenuViewController.xib; sourceTree = "<group>"; };
		638D467B1D533B1A0073201E /* BenefitsViewController.swift */ = {isa = PBXFileReference; fileEncoding = 4; lastKnownFileType = sourcecode.swift; path = BenefitsViewController.swift; sourceTree = "<group>"; };
		638D467C1D533B1A0073201E /* BenefitsViewController.xib */ = {isa = PBXFileReference; fileEncoding = 4; lastKnownFileType = file.xib; path = BenefitsViewController.xib; sourceTree = "<group>"; };
		639B0F7E1D4B6A8100EA49AA /* LandingViewController.swift */ = {isa = PBXFileReference; fileEncoding = 4; lastKnownFileType = sourcecode.swift; path = LandingViewController.swift; sourceTree = "<group>"; };
		639B0F7F1D4B6A8100EA49AA /* LandingViewController.xib */ = {isa = PBXFileReference; fileEncoding = 4; lastKnownFileType = file.xib; path = LandingViewController.xib; sourceTree = "<group>"; };
		639B0F821D4B701E00EA49AA /* Extensions.swift */ = {isa = PBXFileReference; fileEncoding = 4; lastKnownFileType = sourcecode.swift; path = Extensions.swift; sourceTree = "<group>"; };
		639B0F841D4B91DC00EA49AA /* HomeViewController.swift */ = {isa = PBXFileReference; fileEncoding = 4; lastKnownFileType = sourcecode.swift; path = HomeViewController.swift; sourceTree = "<group>"; };
		639B0F851D4B91DC00EA49AA /* HomeViewController.xib */ = {isa = PBXFileReference; fileEncoding = 4; lastKnownFileType = file.xib; path = HomeViewController.xib; sourceTree = "<group>"; };
		639B0F881D4B924700EA49AA /* AppState.swift */ = {isa = PBXFileReference; fileEncoding = 4; lastKnownFileType = sourcecode.swift; path = AppState.swift; sourceTree = "<group>"; };
		639B0F8A1D4B937A00EA49AA /* Constants.swift */ = {isa = PBXFileReference; fileEncoding = 4; lastKnownFileType = sourcecode.swift; path = Constants.swift; sourceTree = "<group>"; };
		639B0F8C1D4B95EC00EA49AA /* RegisterViewController.swift */ = {isa = PBXFileReference; fileEncoding = 4; lastKnownFileType = sourcecode.swift; path = RegisterViewController.swift; sourceTree = "<group>"; };
		639B0F8D1D4B95EC00EA49AA /* RegisterViewController.xib */ = {isa = PBXFileReference; fileEncoding = 4; lastKnownFileType = file.xib; path = RegisterViewController.xib; sourceTree = "<group>"; };
		63DCCCF01D4F49290045FB7F /* NavigationViewController.swift */ = {isa = PBXFileReference; fileEncoding = 4; lastKnownFileType = sourcecode.swift; path = NavigationViewController.swift; sourceTree = "<group>"; };
		63F05EB21D4B610300854B14 /* LoginViewController.swift */ = {isa = PBXFileReference; fileEncoding = 4; lastKnownFileType = sourcecode.swift; path = LoginViewController.swift; sourceTree = "<group>"; };
		63F05EB31D4B610300854B14 /* LoginViewController.xib */ = {isa = PBXFileReference; fileEncoding = 4; lastKnownFileType = file.xib; path = LoginViewController.xib; sourceTree = "<group>"; };
		8F5818EB5AE2B319892AE944 /* Pods-VNL App.release.xcconfig */ = {isa = PBXFileReference; includeInIndex = 1; lastKnownFileType = text.xcconfig; name = "Pods-VNL App.release.xcconfig"; path = "Pods/Target Support Files/Pods-VNL App/Pods-VNL App.release.xcconfig"; sourceTree = "<group>"; };
		A458F830A56851288152C980 /* Pods-VNL App.debug.xcconfig */ = {isa = PBXFileReference; includeInIndex = 1; lastKnownFileType = text.xcconfig; name = "Pods-VNL App.debug.xcconfig"; path = "Pods/Target Support Files/Pods-VNL App/Pods-VNL App.debug.xcconfig"; sourceTree = "<group>"; };
/* End PBXFileReference section */

/* Begin PBXFrameworksBuildPhase section */
		631C21521D4A107900F5EC19 /* Frameworks */ = {
			isa = PBXFrameworksBuildPhase;
			buildActionMask = 2147483647;
			files = (
				CC26F598E08F5CE6267E13C2 /* Pods_VNL_App.framework in Frameworks */,
			);
			runOnlyForDeploymentPostprocessing = 0;
		};
/* End PBXFrameworksBuildPhase section */

/* Begin PBXGroup section */
		631C214C1D4A107900F5EC19 = {
			isa = PBXGroup;
			children = (
				631C21571D4A107900F5EC19 /* VNL App */,
				631C21561D4A107900F5EC19 /* Products */,
				A9C8E3B430A30D97FB39A20C /* Pods */,
				9C235BBB6F753ACB3466E4E7 /* Frameworks */,
			);
			sourceTree = "<group>";
		};
		631C21561D4A107900F5EC19 /* Products */ = {
			isa = PBXGroup;
			children = (
				631C21551D4A107900F5EC19 /* VNL App.app */,
			);
			name = Products;
			sourceTree = "<group>";
		};
		631C21571D4A107900F5EC19 /* VNL App */ = {
			isa = PBXGroup;
			children = (
				631C21581D4A107900F5EC19 /* AppDelegate.swift */,
				631C215F1D4A107900F5EC19 /* Assets.xcassets */,
				639B0F7E1D4B6A8100EA49AA /* LandingViewController.swift */,
				639B0F7F1D4B6A8100EA49AA /* LandingViewController.xib */,
				638D467F1D5346710073201E /* Non-Member Side Menu */,
				6362E9A81D536D42009DD3A2 /* Member Side Menu */,
				6362E9B11D5371DE009DD3A2 /* Profile Menu */,
				6362E9BA1D537E3C009DD3A2 /* CuriousViewController.swift */,
				6362E9BB1D537E3C009DD3A2 /* CuriousViewController.xib */,
				63F05EB21D4B610300854B14 /* LoginViewController.swift */,
				63F05EB31D4B610300854B14 /* LoginViewController.xib */,
				639B0F841D4B91DC00EA49AA /* HomeViewController.swift */,
				639B0F851D4B91DC00EA49AA /* HomeViewController.xib */,
				638D467B1D533B1A0073201E /* BenefitsViewController.swift */,
				638D467C1D533B1A0073201E /* BenefitsViewController.xib */,
				633BC4591D53621200B9DD6A /* InformationViewController.swift */,
				633BC45A1D53621200B9DD6A /* InformationViewController.xib */,
				633BC45F1D5365E900B9DD6A /* ContactViewController.swift */,
				633BC4601D5365E900B9DD6A /* ContactViewController.xib */,
				638D46761D5320120073201E /* Old unused files - to be deleted */,
				638100AA1D4F7D660095634C /* Booking */,
				638100BB1D4FDA000095634C /* Settings */,
				63F05EB61D4B610E00854B14 /* Supporting Files */,
			);
			path = "VNL App";
			sourceTree = "<group>";
		};
		6362E9A81D536D42009DD3A2 /* Member Side Menu */ = {
			isa = PBXGroup;
			children = (
				6362E9A91D536D5E009DD3A2 /* MemberSideViewController.swift */,
				6362E9AA1D536D5E009DD3A2 /* MemberSideViewController.xib */,
				6362E9AD1D536D76009DD3A2 /* MemberSideViewCell.swift */,
				6362E9AE1D536D76009DD3A2 /* MemberSideViewCell.xib */,
			);
			name = "Member Side Menu";
			sourceTree = "<group>";
		};
		6362E9B11D5371DE009DD3A2 /* Profile Menu */ = {
			isa = PBXGroup;
			children = (
				6362E9B21D5371F7009DD3A2 /* ProfileViewController.swift */,
				6362E9B31D5371F7009DD3A2 /* ProfileViewController.xib */,
				6362E9B61D537209009DD3A2 /* ProfileTableViewCell.swift */,
				6362E9B71D537209009DD3A2 /* ProfileTableViewCell.xib */,
			);
			name = "Profile Menu";
			sourceTree = "<group>";
		};
		638100AA1D4F7D660095634C /* Booking */ = {
			isa = PBXGroup;
			children = (
				638100B71D4F927D0095634C /* BookingViewController.swift */,
				638100B81D4F927D0095634C /* BookingViewController.xib */,
				638100AB1D4F7D830095634C /* BookingTableViewCell.swift */,
				638100AC1D4F7D830095634C /* BookingTableViewCell.xib */,
				638D46651D5087440073201E /* Calendar */,
			);
			name = Booking;
			sourceTree = "<group>";
		};
		638100BB1D4FDA000095634C /* Settings */ = {
			isa = PBXGroup;
			children = (
				638100A61D4F76960095634C /* SettingsViewController.swift */,
				638100A71D4F76960095634C /* SettingsViewController.xib */,
				638100AF1D4F86920095634C /* SettingsTableViewCell.swift */,
				638100B01D4F86920095634C /* SettingsTableViewCell.xib */,
			);
			name = Settings;
			sourceTree = "<group>";
		};
		638D46651D5087440073201E /* Calendar */ = {
			isa = PBXGroup;
			children = (
				638D466A1D5088B40073201E /* CalendarViewController.swift */,
				638D466B1D5088B40073201E /* CalendarViewController.xib */,
				638D46661D50878B0073201E /* CalendarViewCell.swift */,
				638D46671D50878B0073201E /* CalendarViewCell.xib */,
			);
			name = Calendar;
			sourceTree = "<group>";
		};
		638D46761D5320120073201E /* Old unused files - to be deleted */ = {
			isa = PBXGroup;
			children = (
				63DCCCF01D4F49290045FB7F /* NavigationViewController.swift */,
				639B0F8C1D4B95EC00EA49AA /* RegisterViewController.swift */,
				639B0F8D1D4B95EC00EA49AA /* RegisterViewController.xib */,
			);
			name = "Old unused files - to be deleted";
			sourceTree = "<group>";
		};
		638D467F1D5346710073201E /* Non-Member Side Menu */ = {
			isa = PBXGroup;
			children = (
				638D46771D53229F0073201E /* SideMenuViewController.swift */,
				638D46781D53229F0073201E /* SideMenuViewController.xib */,
				638D46721D5320040073201E /* SideMenuTableViewCell.swift */,
				638D46731D5320040073201E /* SideMenuTableViewCell.xib */,
			);
			name = "Non-Member Side Menu";
			sourceTree = "<group>";
		};
		63F05EB61D4B610E00854B14 /* Supporting Files */ = {
			isa = PBXGroup;
			children = (
				639B0F881D4B924700EA49AA /* AppState.swift */,
				639B0F821D4B701E00EA49AA /* Extensions.swift */,
				639B0F8A1D4B937A00EA49AA /* Constants.swift */,
				631C21611D4A107900F5EC19 /* LaunchScreen.storyboard */,
				631C21641D4A107900F5EC19 /* Info.plist */,
				631C216A1D4A10A000F5EC19 /* GoogleService-Info.plist */,
			);
			name = "Supporting Files";
			sourceTree = "<group>";
		};
		9C235BBB6F753ACB3466E4E7 /* Frameworks */ = {
			isa = PBXGroup;
			children = (
				3C82D0500C0985FF5F1090F2 /* Pods_VNL_App.framework */,
			);
			name = Frameworks;
			sourceTree = "<group>";
		};
		A9C8E3B430A30D97FB39A20C /* Pods */ = {
			isa = PBXGroup;
			children = (
				A458F830A56851288152C980 /* Pods-VNL App.debug.xcconfig */,
				8F5818EB5AE2B319892AE944 /* Pods-VNL App.release.xcconfig */,
			);
			name = Pods;
			sourceTree = "<group>";
		};
/* End PBXGroup section */

/* Begin PBXNativeTarget section */
		631C21541D4A107900F5EC19 /* VNL App */ = {
			isa = PBXNativeTarget;
			buildConfigurationList = 631C21671D4A107900F5EC19 /* Build configuration list for PBXNativeTarget "VNL App" */;
			buildPhases = (
				4873C6144CE68EE19E0FD87E /* [CP] Check Pods Manifest.lock */,
				631C21511D4A107900F5EC19 /* Sources */,
				631C21521D4A107900F5EC19 /* Frameworks */,
				631C21531D4A107900F5EC19 /* Resources */,
				FC058374FE10ACFE779BD20E /* [CP] Embed Pods Frameworks */,
				0A757C12E9252A9780133AA5 /* [CP] Copy Pods Resources */,
			);
			buildRules = (
			);
			dependencies = (
			);
			name = "VNL App";
			productName = "VNL App";
			productReference = 631C21551D4A107900F5EC19 /* VNL App.app */;
			productType = "com.apple.product-type.application";
		};
/* End PBXNativeTarget section */

/* Begin PBXProject section */
		631C214D1D4A107900F5EC19 /* Project object */ = {
			isa = PBXProject;
			attributes = {
				LastSwiftUpdateCheck = 0730;
				LastUpgradeCheck = 0730;
				ORGANIZATIONNAME = TCA;
				TargetAttributes = {
					631C21541D4A107900F5EC19 = {
						CreatedOnToolsVersion = 7.3;
						DevelopmentTeam = HABT2LUTZK;
					};
				};
			};
			buildConfigurationList = 631C21501D4A107900F5EC19 /* Build configuration list for PBXProject "VNL App" */;
			compatibilityVersion = "Xcode 3.2";
			developmentRegion = English;
			hasScannedForEncodings = 0;
			knownRegions = (
				en,
				Base,
			);
			mainGroup = 631C214C1D4A107900F5EC19;
			productRefGroup = 631C21561D4A107900F5EC19 /* Products */;
			projectDirPath = "";
			projectRoot = "";
			targets = (
				631C21541D4A107900F5EC19 /* VNL App */,
			);
		};
/* End PBXProject section */

/* Begin PBXResourcesBuildPhase section */
		631C21531D4A107900F5EC19 /* Resources */ = {
			isa = PBXResourcesBuildPhase;
			buildActionMask = 2147483647;
			files = (
				6362E9B51D5371F7009DD3A2 /* ProfileViewController.xib in Resources */,
				639B0F811D4B6A8100EA49AA /* LandingViewController.xib in Resources */,
				633BC4621D5365E900B9DD6A /* ContactViewController.xib in Resources */,
				638D46691D50878B0073201E /* CalendarViewCell.xib in Resources */,
				6362E9AC1D536D5E009DD3A2 /* MemberSideViewController.xib in Resources */,
				638100AE1D4F7D830095634C /* BookingTableViewCell.xib in Resources */,
				63F05EB51D4B610300854B14 /* LoginViewController.xib in Resources */,
				638D467A1D53229F0073201E /* SideMenuViewController.xib in Resources */,
				631C21631D4A107900F5EC19 /* LaunchScreen.storyboard in Resources */,
				6362E9B91D537209009DD3A2 /* ProfileTableViewCell.xib in Resources */,
				638D466D1D5088B40073201E /* CalendarViewController.xib in Resources */,
				633BC45C1D53621200B9DD6A /* InformationViewController.xib in Resources */,
				638D46751D5320040073201E /* SideMenuTableViewCell.xib in Resources */,
				6362E9BD1D537E3C009DD3A2 /* CuriousViewController.xib in Resources */,
				638100B21D4F86920095634C /* SettingsTableViewCell.xib in Resources */,
				638100BA1D4F927D0095634C /* BookingViewController.xib in Resources */,
				638D467E1D533B1A0073201E /* BenefitsViewController.xib in Resources */,
				631C216B1D4A10A000F5EC19 /* GoogleService-Info.plist in Resources */,
				6362E9B01D536D76009DD3A2 /* MemberSideViewCell.xib in Resources */,
				638100A91D4F76960095634C /* SettingsViewController.xib in Resources */,
				639B0F871D4B91DC00EA49AA /* HomeViewController.xib in Resources */,
				631C21601D4A107900F5EC19 /* Assets.xcassets in Resources */,
				639B0F8F1D4B95EC00EA49AA /* RegisterViewController.xib in Resources */,
			);
			runOnlyForDeploymentPostprocessing = 0;
		};
/* End PBXResourcesBuildPhase section */

/* Begin PBXShellScriptBuildPhase section */
		0A757C12E9252A9780133AA5 /* [CP] Copy Pods Resources */ = {
			isa = PBXShellScriptBuildPhase;
			buildActionMask = 2147483647;
			files = (
			);
			inputPaths = (
			);
			name = "[CP] Copy Pods Resources";
			outputPaths = (
			);
			runOnlyForDeploymentPostprocessing = 0;
			shellPath = /bin/sh;
			shellScript = "\"${SRCROOT}/Pods/Target Support Files/Pods-VNL App/Pods-VNL App-resources.sh\"\n";
			showEnvVarsInLog = 0;
		};
		4873C6144CE68EE19E0FD87E /* [CP] Check Pods Manifest.lock */ = {
			isa = PBXShellScriptBuildPhase;
			buildActionMask = 2147483647;
			files = (
			);
			inputPaths = (
			);
			name = "[CP] Check Pods Manifest.lock";
			outputPaths = (
			);
			runOnlyForDeploymentPostprocessing = 0;
			shellPath = /bin/sh;
			shellScript = "diff \"${PODS_ROOT}/../Podfile.lock\" \"${PODS_ROOT}/Manifest.lock\" > /dev/null\nif [[ $? != 0 ]] ; then\n    cat << EOM\nerror: The sandbox is not in sync with the Podfile.lock. Run 'pod install' or update your CocoaPods installation.\nEOM\n    exit 1\nfi\n";
			showEnvVarsInLog = 0;
		};
		FC058374FE10ACFE779BD20E /* [CP] Embed Pods Frameworks */ = {
			isa = PBXShellScriptBuildPhase;
			buildActionMask = 2147483647;
			files = (
			);
			inputPaths = (
			);
			name = "[CP] Embed Pods Frameworks";
			outputPaths = (
			);
			runOnlyForDeploymentPostprocessing = 0;
			shellPath = /bin/sh;
			shellScript = "\"${SRCROOT}/Pods/Target Support Files/Pods-VNL App/Pods-VNL App-frameworks.sh\"\n";
			showEnvVarsInLog = 0;
		};
/* End PBXShellScriptBuildPhase section */

/* Begin PBXSourcesBuildPhase section */
		631C21511D4A107900F5EC19 /* Sources */ = {
			isa = PBXSourcesBuildPhase;
			buildActionMask = 2147483647;
			files = (
				6362E9BC1D537E3C009DD3A2 /* CuriousViewController.swift in Sources */,
				638D466C1D5088B40073201E /* CalendarViewController.swift in Sources */,
				6362E9AB1D536D5E009DD3A2 /* MemberSideViewController.swift in Sources */,
				633BC45B1D53621200B9DD6A /* InformationViewController.swift in Sources */,
				63DCCCF11D4F49290045FB7F /* NavigationViewController.swift in Sources */,
				638D46681D50878B0073201E /* CalendarViewCell.swift in Sources */,
				638100AD1D4F7D830095634C /* BookingTableViewCell.swift in Sources */,
				639B0F861D4B91DC00EA49AA /* HomeViewController.swift in Sources */,
				638100B11D4F86920095634C /* SettingsTableViewCell.swift in Sources */,
				638D467D1D533B1A0073201E /* BenefitsViewController.swift in Sources */,
				6362E9B81D537209009DD3A2 /* ProfileTableViewCell.swift in Sources */,
				63F05EB41D4B610300854B14 /* LoginViewController.swift in Sources */,
				633BC4611D5365E900B9DD6A /* ContactViewController.swift in Sources */,
				639B0F801D4B6A8100EA49AA /* LandingViewController.swift in Sources */,
				639B0F8E1D4B95EC00EA49AA /* RegisterViewController.swift in Sources */,
				639B0F891D4B924700EA49AA /* AppState.swift in Sources */,
				639B0F8B1D4B937A00EA49AA /* Constants.swift in Sources */,
				6362E9B41D5371F7009DD3A2 /* ProfileViewController.swift in Sources */,
				6362E9AF1D536D76009DD3A2 /* MemberSideViewCell.swift in Sources */,
				638100A81D4F76960095634C /* SettingsViewController.swift in Sources */,
				631C21591D4A107900F5EC19 /* AppDelegate.swift in Sources */,
				638D46741D5320040073201E /* SideMenuTableViewCell.swift in Sources */,
				638100B91D4F927D0095634C /* BookingViewController.swift in Sources */,
				638D46791D53229F0073201E /* SideMenuViewController.swift in Sources */,
				639B0F831D4B701E00EA49AA /* Extensions.swift in Sources */,
			);
			runOnlyForDeploymentPostprocessing = 0;
		};
/* End PBXSourcesBuildPhase section */

/* Begin PBXVariantGroup section */
		631C21611D4A107900F5EC19 /* LaunchScreen.storyboard */ = {
			isa = PBXVariantGroup;
			children = (
				631C21621D4A107900F5EC19 /* Base */,
			);
			name = LaunchScreen.storyboard;
			sourceTree = "<group>";
		};
/* End PBXVariantGroup section */

/* Begin XCBuildConfiguration section */
		631C21651D4A107900F5EC19 /* Debug */ = {
			isa = XCBuildConfiguration;
			buildSettings = {
				ALWAYS_SEARCH_USER_PATHS = NO;
				CLANG_ANALYZER_NONNULL = YES;
				CLANG_CXX_LANGUAGE_STANDARD = "gnu++0x";
				CLANG_CXX_LIBRARY = "libc++";
				CLANG_ENABLE_MODULES = YES;
				CLANG_ENABLE_OBJC_ARC = YES;
				CLANG_WARN_BOOL_CONVERSION = YES;
				CLANG_WARN_CONSTANT_CONVERSION = YES;
				CLANG_WARN_DIRECT_OBJC_ISA_USAGE = YES_ERROR;
				CLANG_WARN_EMPTY_BODY = YES;
				CLANG_WARN_ENUM_CONVERSION = YES;
				CLANG_WARN_INT_CONVERSION = YES;
				CLANG_WARN_OBJC_ROOT_CLASS = YES_ERROR;
				CLANG_WARN_UNREACHABLE_CODE = YES;
				CLANG_WARN__DUPLICATE_METHOD_MATCH = YES;
				"CODE_SIGN_IDENTITY[sdk=iphoneos*]" = "iPhone Developer";
				COPY_PHASE_STRIP = NO;
				DEBUG_INFORMATION_FORMAT = dwarf;
				ENABLE_STRICT_OBJC_MSGSEND = YES;
				ENABLE_TESTABILITY = YES;
				GCC_C_LANGUAGE_STANDARD = gnu99;
				GCC_DYNAMIC_NO_PIC = NO;
				GCC_NO_COMMON_BLOCKS = YES;
				GCC_OPTIMIZATION_LEVEL = 0;
				GCC_PREPROCESSOR_DEFINITIONS = (
					"DEBUG=1",
					"$(inherited)",
				);
				GCC_WARN_64_TO_32_BIT_CONVERSION = YES;
				GCC_WARN_ABOUT_RETURN_TYPE = YES_ERROR;
				GCC_WARN_UNDECLARED_SELECTOR = YES;
				GCC_WARN_UNINITIALIZED_AUTOS = YES_AGGRESSIVE;
				GCC_WARN_UNUSED_FUNCTION = YES;
				GCC_WARN_UNUSED_VARIABLE = YES;
				IPHONEOS_DEPLOYMENT_TARGET = 9.3;
				MTL_ENABLE_DEBUG_INFO = YES;
				ONLY_ACTIVE_ARCH = YES;
				SDKROOT = iphoneos;
				SWIFT_OPTIMIZATION_LEVEL = "-Onone";
			};
			name = Debug;
		};
		631C21661D4A107900F5EC19 /* Release */ = {
			isa = XCBuildConfiguration;
			buildSettings = {
				ALWAYS_SEARCH_USER_PATHS = NO;
				CLANG_ANALYZER_NONNULL = YES;
				CLANG_CXX_LANGUAGE_STANDARD = "gnu++0x";
				CLANG_CXX_LIBRARY = "libc++";
				CLANG_ENABLE_MODULES = YES;
				CLANG_ENABLE_OBJC_ARC = YES;
				CLANG_WARN_BOOL_CONVERSION = YES;
				CLANG_WARN_CONSTANT_CONVERSION = YES;
				CLANG_WARN_DIRECT_OBJC_ISA_USAGE = YES_ERROR;
				CLANG_WARN_EMPTY_BODY = YES;
				CLANG_WARN_ENUM_CONVERSION = YES;
				CLANG_WARN_INT_CONVERSION = YES;
				CLANG_WARN_OBJC_ROOT_CLASS = YES_ERROR;
				CLANG_WARN_UNREACHABLE_CODE = YES;
				CLANG_WARN__DUPLICATE_METHOD_MATCH = YES;
				"CODE_SIGN_IDENTITY[sdk=iphoneos*]" = "iPhone Developer";
				COPY_PHASE_STRIP = NO;
				DEBUG_INFORMATION_FORMAT = "dwarf-with-dsym";
				ENABLE_NS_ASSERTIONS = NO;
				ENABLE_STRICT_OBJC_MSGSEND = YES;
				GCC_C_LANGUAGE_STANDARD = gnu99;
				GCC_NO_COMMON_BLOCKS = YES;
				GCC_WARN_64_TO_32_BIT_CONVERSION = YES;
				GCC_WARN_ABOUT_RETURN_TYPE = YES_ERROR;
				GCC_WARN_UNDECLARED_SELECTOR = YES;
				GCC_WARN_UNINITIALIZED_AUTOS = YES_AGGRESSIVE;
				GCC_WARN_UNUSED_FUNCTION = YES;
				GCC_WARN_UNUSED_VARIABLE = YES;
				IPHONEOS_DEPLOYMENT_TARGET = 9.3;
				MTL_ENABLE_DEBUG_INFO = NO;
				SDKROOT = iphoneos;
				VALIDATE_PRODUCT = YES;
			};
			name = Release;
		};
		631C21681D4A107900F5EC19 /* Debug */ = {
			isa = XCBuildConfiguration;
			baseConfigurationReference = A458F830A56851288152C980 /* Pods-VNL App.debug.xcconfig */;
			buildSettings = {
				ASSETCATALOG_COMPILER_APPICON_NAME = AppIcon;
				INFOPLIST_FILE = "VNL App/Info.plist";
				LD_RUNPATH_SEARCH_PATHS = "$(inherited) @executable_path/Frameworks";
				PRODUCT_BUNDLE_IDENTIFIER = "com.TCA.VNL-App";
				PRODUCT_NAME = "$(TARGET_NAME)";
			};
			name = Debug;
		};
		631C21691D4A107900F5EC19 /* Release */ = {
			isa = XCBuildConfiguration;
			baseConfigurationReference = 8F5818EB5AE2B319892AE944 /* Pods-VNL App.release.xcconfig */;
			buildSettings = {
				ASSETCATALOG_COMPILER_APPICON_NAME = AppIcon;
				INFOPLIST_FILE = "VNL App/Info.plist";
				LD_RUNPATH_SEARCH_PATHS = "$(inherited) @executable_path/Frameworks";
				PRODUCT_BUNDLE_IDENTIFIER = "com.TCA.VNL-App";
				PRODUCT_NAME = "$(TARGET_NAME)";
			};
			name = Release;
		};
/* End XCBuildConfiguration section */

/* Begin XCConfigurationList section */
		631C21501D4A107900F5EC19 /* Build configuration list for PBXProject "VNL App" */ = {
			isa = XCConfigurationList;
			buildConfigurations = (
				631C21651D4A107900F5EC19 /* Debug */,
				631C21661D4A107900F5EC19 /* Release */,
			);
			defaultConfigurationIsVisible = 0;
			defaultConfigurationName = Release;
		};
		631C21671D4A107900F5EC19 /* Build configuration list for PBXNativeTarget "VNL App" */ = {
			isa = XCConfigurationList;
			buildConfigurations = (
				631C21681D4A107900F5EC19 /* Debug */,
				631C21691D4A107900F5EC19 /* Release */,
			);
			defaultConfigurationIsVisible = 0;
			defaultConfigurationName = Release;
		};
/* End XCConfigurationList section */
	};
	rootObject = 631C214D1D4A107900F5EC19 /* Project object */;
}
